
Microsoft Visual Studio Solution File, Format Version 12.00
# Visual Studio Version 17
VisualStudioVersion = 17.3.32825.248
MinimumVisualStudioVersion = 10.0.40219.1
Project("{FAE04EC0-301F-11D3-BF4B-00C04F79EFBC}") = "Class program", "Class program.csproj", "{99BFF713-074B-4048-B510-DC6031D51543}"
EndProject
Global
	GlobalSection(SolutionConfigurationPlatforms) = preSolution
		Debug|Any CPU = Debug|Any CPU
		Release|Any CPU = Release|Any CPU
	EndGlobalSection
	GlobalSection(ProjectConfigurationPlatforms) = postSolution
		{99BFF713-074B-4048-B510-DC6031D51543}.Debug|Any CPU.ActiveCfg = Debug|Any CPU
		{99BFF713-074B-4048-B510-DC6031D51543}.Debug|Any CPU.Build.0 = Debug|Any CPU
		{99BFF713-074B-4048-B510-DC6031D51543}.Release|Any CPU.ActiveCfg = Release|Any CPU
		{99BFF713-074B-4048-B510-DC6031D51543}.Release|Any CPU.Build.0 = Release|Any CPU
	EndGlobalSection
	GlobalSection(SolutionProperties) = preSolution
		HideSolutionNode = FALSE
	EndGlobalSection
	GlobalSection(ExtensibilityGlobals) = postSolution
		SolutionGuid = {3C5EEFD9-75E4-4F46-8EA2-B63E76FE06CA}
	EndGlobalSection
EndGlobal
